
Microsoft Visual Studio Solution File, Format Version 12.00
# Visual Studio 2012
Project("{FAE04EC0-301F-11D3-BF4B-00C04F79EFBC}") = "CircleImageView", "CircleImageView\CircleImageView.csproj", "{9113F20B-4DF4-4757-9247-10592BD0CE80}"
EndProject
Project("{FAE04EC0-301F-11D3-BF4B-00C04F79EFBC}") = "CircleImageSample", "CircleImageSample\CircleImageSample.csproj", "{60B83347-FE6B-476D-AF45-D685FAFB0F36}"
EndProject
Global
	GlobalSection(SolutionConfigurationPlatforms) = preSolution
		Debug|Any CPU = Debug|Any CPU
		Release|Any CPU = Release|Any CPU
	EndGlobalSection
	GlobalSection(ProjectConfigurationPlatforms) = postSolution
		{60B83347-FE6B-476D-AF45-D685FAFB0F36}.Debug|Any CPU.ActiveCfg = Debug|Any CPU
		{60B83347-FE6B-476D-AF45-D685FAFB0F36}.Debug|Any CPU.Build.0 = Debug|Any CPU
		{60B83347-FE6B-476D-AF45-D685FAFB0F36}.Release|Any CPU.ActiveCfg = Release|Any CPU
		{60B83347-FE6B-476D-AF45-D685FAFB0F36}.Release|Any CPU.Build.0 = Release|Any CPU
		{9113F20B-4DF4-4757-9247-10592BD0CE80}.Debug|Any CPU.ActiveCfg = Debug|Any CPU
		{9113F20B-4DF4-4757-9247-10592BD0CE80}.Debug|Any CPU.Build.0 = Debug|Any CPU
		{9113F20B-4DF4-4757-9247-10592BD0CE80}.Release|Any CPU.ActiveCfg = Release|Any CPU
		{9113F20B-4DF4-4757-9247-10592BD0CE80}.Release|Any CPU.Build.0 = Release|Any CPU
	EndGlobalSection
EndGlobal
